
Microsoft Visual Studio Solution File, Format Version 12.00
# Visual Studio Version 16
VisualStudioVersion = 16.0.31702.278
MinimumVisualStudioVersion = 10.0.40219.1
Project("{9A19103F-16F7-4668-BE54-9A1E7A4F7556}") = "Keove.Api", "Keove.Api\Keove.Api.csproj", "{E6ADDDFB-3A26-48E6-8400-4CE9AC0D1D77}"
EndProject
Project("{9A19103F-16F7-4668-BE54-9A1E7A4F7556}") = "Keove.Dto", "Keove.Dto\Keove.Dto.csproj", "{E35AFE45-13B8-47C5-89EB-8B5797A77B87}"
EndProject
Project("{9A19103F-16F7-4668-BE54-9A1E7A4F7556}") = "Keove.DataAccess", "Keove.DataAccess\Keove.DataAccess.csproj", "{067C2CC2-AAD6-4039-8358-93AF15535AF4}"
EndProject
Project("{9A19103F-16F7-4668-BE54-9A1E7A4F7556}") = "Keove.Entity", "Keove.Entity\Keove.Entity.csproj", "{7D881FF6-8581-4615-A10F-02264A55AD86}"
EndProject
Project("{FAE04EC0-301F-11D3-BF4B-00C04F79EFBC}") = "Keove.Core", "Keove.Core\Keove.Core.csproj", "{161CB163-8AA1-47DE-8A6C-E82F373CAA14}"
EndProject
Global
	GlobalSection(SolutionConfigurationPlatforms) = preSolution
		Debug|Any CPU = Debug|Any CPU
		Release|Any CPU = Release|Any CPU
	EndGlobalSection
	GlobalSection(ProjectConfigurationPlatforms) = postSolution
		{E6ADDDFB-3A26-48E6-8400-4CE9AC0D1D77}.Debug|Any CPU.ActiveCfg = Debug|Any CPU
		{E6ADDDFB-3A26-48E6-8400-4CE9AC0D1D77}.Debug|Any CPU.Build.0 = Debug|Any CPU
		{E6ADDDFB-3A26-48E6-8400-4CE9AC0D1D77}.Release|Any CPU.ActiveCfg = Release|Any CPU
		{E6ADDDFB-3A26-48E6-8400-4CE9AC0D1D77}.Release|Any CPU.Build.0 = Release|Any CPU
		{E35AFE45-13B8-47C5-89EB-8B5797A77B87}.Debug|Any CPU.ActiveCfg = Debug|Any CPU
		{E35AFE45-13B8-47C5-89EB-8B5797A77B87}.Debug|Any CPU.Build.0 = Debug|Any CPU
		{E35AFE45-13B8-47C5-89EB-8B5797A77B87}.Release|Any CPU.ActiveCfg = Release|Any CPU
		{E35AFE45-13B8-47C5-89EB-8B5797A77B87}.Release|Any CPU.Build.0 = Release|Any CPU
		{067C2CC2-AAD6-4039-8358-93AF15535AF4}.Debug|Any CPU.ActiveCfg = Debug|Any CPU
		{067C2CC2-AAD6-4039-8358-93AF15535AF4}.Debug|Any CPU.Build.0 = Debug|Any CPU
		{067C2CC2-AAD6-4039-8358-93AF15535AF4}.Release|Any CPU.ActiveCfg = Release|Any CPU
		{067C2CC2-AAD6-4039-8358-93AF15535AF4}.Release|Any CPU.Build.0 = Release|Any CPU
		{7D881FF6-8581-4615-A10F-02264A55AD86}.Debug|Any CPU.ActiveCfg = Debug|Any CPU
		{7D881FF6-8581-4615-A10F-02264A55AD86}.Debug|Any CPU.Build.0 = Debug|Any CPU
		{7D881FF6-8581-4615-A10F-02264A55AD86}.Release|Any CPU.ActiveCfg = Release|Any CPU
		{7D881FF6-8581-4615-A10F-02264A55AD86}.Release|Any CPU.Build.0 = Release|Any CPU
		{161CB163-8AA1-47DE-8A6C-E82F373CAA14}.Debug|Any CPU.ActiveCfg = Debug|Any CPU
		{161CB163-8AA1-47DE-8A6C-E82F373CAA14}.Debug|Any CPU.Build.0 = Debug|Any CPU
		{161CB163-8AA1-47DE-8A6C-E82F373CAA14}.Release|Any CPU.ActiveCfg = Release|Any CPU
		{161CB163-8AA1-47DE-8A6C-E82F373CAA14}.Release|Any CPU.Build.0 = Release|Any CPU
	EndGlobalSection
	GlobalSection(SolutionProperties) = preSolution
		HideSolutionNode = FALSE
	EndGlobalSection
	GlobalSection(ExtensibilityGlobals) = postSolution
		SolutionGuid = {7914C589-B1D2-44FF-9899-439B076CF261}
	EndGlobalSection
EndGlobal
